
Microsoft Visual Studio Solution File, Format Version 12.00
# Visual Studio Version 16
VisualStudioVersion = 16.0.30503.244
MinimumVisualStudioVersion = 10.0.40219.1
Project("{FAE04EC0-301F-11D3-BF4B-00C04F79EFBC}") = "ASP.NETCORE-Course", "ASP.NETCORE-Course\ASP.NETCORE-Course.csproj", "{474A0DEF-FEE8-4F5D-8732-C58065DE78CA}"
EndProject
Global
	GlobalSection(SolutionConfigurationPlatforms) = preSolution
		Debug|Any CPU = Debug|Any CPU
		Release|Any CPU = Release|Any CPU
	EndGlobalSection
	GlobalSection(ProjectConfigurationPlatforms) = postSolution
		{474A0DEF-FEE8-4F5D-8732-C58065DE78CA}.Debug|Any CPU.ActiveCfg = Debug|Any CPU
		{474A0DEF-FEE8-4F5D-8732-C58065DE78CA}.Debug|Any CPU.Build.0 = Debug|Any CPU
		{474A0DEF-FEE8-4F5D-8732-C58065DE78CA}.Release|Any CPU.ActiveCfg = Release|Any CPU
		{474A0DEF-FEE8-4F5D-8732-C58065DE78CA}.Release|Any CPU.Build.0 = Release|Any CPU
	EndGlobalSection
	GlobalSection(SolutionProperties) = preSolution
		HideSolutionNode = FALSE
	EndGlobalSection
	GlobalSection(ExtensibilityGlobals) = postSolution
		SolutionGuid = {E83A316B-BF75-429D-B334-C6D8F6F759AF}
	EndGlobalSection
EndGlobal
